
Microsoft Visual Studio Solution File, Format Version 12.00
# Visual Studio Version 16
VisualStudioVersion = 16.0.29920.165
MinimumVisualStudioVersion = 10.0.40219.1
Project("{FAE04EC0-301F-11D3-BF4B-00C04F79EFBC}") = "TweaksAssembly", "TweaksAssembly.csproj", "{93AB8051-1012-4B9A-B55D-5A7AC1DC3047}"
EndProject
Global
	GlobalSection(SolutionConfigurationPlatforms) = preSolution
		Debug|Any CPU = Debug|Any CPU
		Release|Any CPU = Release|Any CPU
	EndGlobalSection
	GlobalSection(ProjectConfigurationPlatforms) = postSolution
		{93AB8051-1012-4B9A-B55D-5A7AC1DC3047}.Debug|Any CPU.ActiveCfg = Debug|Any CPU
		{93AB8051-1012-4B9A-B55D-5A7AC1DC3047}.Debug|Any CPU.Build.0 = Debug|Any CPU
		{93AB8051-1012-4B9A-B55D-5A7AC1DC3047}.Release|Any CPU.ActiveCfg = Release|Any CPU
		{93AB8051-1012-4B9A-B55D-5A7AC1DC3047}.Release|Any CPU.Build.0 = Release|Any CPU
	EndGlobalSection
	GlobalSection(SolutionProperties) = preSolution
		HideSolutionNode = FALSE
	EndGlobalSection
	GlobalSection(ExtensibilityGlobals) = postSolution
		SolutionGuid = {802B6F81-A4FB-49D4-A001-EE04C2DF5DB8}
	EndGlobalSection
EndGlobal
